
Microsoft Visual Studio Solution File, Format Version 12.00
# Visual Studio Version 16
VisualStudioVersion = 16.0.30503.244
MinimumVisualStudioVersion = 10.0.40219.1
Project("{2150E333-8FDC-42A3-9474-1A3956D46DE8}") = "Domain", "Domain", "{4F656565-CA14-4799-922E-2C5A2877F6F6}"
EndProject
Project("{2150E333-8FDC-42A3-9474-1A3956D46DE8}") = "Infra.Bus", "Infra.Bus", "{2E5FC2DE-76A6-416D-8A41-76A5C023935D}"
EndProject
Project("{2150E333-8FDC-42A3-9474-1A3956D46DE8}") = "Infra.Ioc", "Infra.Ioc", "{D19D4007-E033-462A-A028-4E69FE180988}"
EndProject
Project("{2150E333-8FDC-42A3-9474-1A3956D46DE8}") = "Microservices", "Microservices", "{513A5E81-14C8-4998-ADA9-D0EC0F1E574D}"
EndProject
Project("{2150E333-8FDC-42A3-9474-1A3956D46DE8}") = "Presentation", "Presentation", "{1D573E5A-AE07-4938-B5FC-B32D6BEA1616}"
EndProject
Project("{9A19103F-16F7-4668-BE54-9A1E7A4F7556}") = "MicroRabbit.Domain.Core", "MicroRabbit.Domain.Core\MicroRabbit.Domain.Core.csproj", "{A1BC3B57-E71A-4BD9-8ED1-8899CE6A99D7}"
EndProject
Project("{9A19103F-16F7-4668-BE54-9A1E7A4F7556}") = "MicroRabbit.Infra.Bus", "MicroRabbit.Infra.Bus\MicroRabbit.Infra.Bus.csproj", "{F9AFA93B-F8D7-451A-8CA4-E71F30DAA7DC}"
EndProject
Project("{FAE04EC0-301F-11D3-BF4B-00C04F79EFBC}") = "MicroRabbit.Infra.IoC", "MicroRabbit.Infra.IoC\MicroRabbit.Infra.IoC.csproj", "{92948BA7-1CBB-4D93-8DFE-0EFCA1B7B345}"
EndProject
Project("{2150E333-8FDC-42A3-9474-1A3956D46DE8}") = "Banking", "Banking", "{ED16C5A9-2C7B-42B3-A12B-7666A5D19FAE}"
EndProject
Project("{2150E333-8FDC-42A3-9474-1A3956D46DE8}") = "Api", "Api", "{C9145D36-EB41-4648-A2E4-C102140F84CF}"
EndProject
Project("{2150E333-8FDC-42A3-9474-1A3956D46DE8}") = "Domain", "Domain", "{711B5115-5FD3-42A4-9DA0-7111A0340B19}"
EndProject
Project("{2150E333-8FDC-42A3-9474-1A3956D46DE8}") = "Aplication", "Aplication", "{F3936E3A-96CB-4FB4-ACCC-099E4FFA11EC}"
EndProject
Project("{2150E333-8FDC-42A3-9474-1A3956D46DE8}") = "Data", "Data", "{D9037593-0AD2-437E-BBB8-954C2B07CB07}"
EndProject
Project("{FAE04EC0-301F-11D3-BF4B-00C04F79EFBC}") = "MicroRabbit.Banking.Api", "MicroRabbit.Banking.Api\MicroRabbit.Banking.Api.csproj", "{AB28F96D-322E-467D-9D4A-3F0E0E8738BA}"
EndProject
Project("{FAE04EC0-301F-11D3-BF4B-00C04F79EFBC}") = "MicroRabbit.Banking.Aplication", "MicroRabbit.Banking.Aplication\MicroRabbit.Banking.Aplication.csproj", "{1D77C94F-6549-4DDF-A9F1-09D70B3F28B5}"
EndProject
Project("{FAE04EC0-301F-11D3-BF4B-00C04F79EFBC}") = "MicroRabbit.Banking.Data", "MicroRabbit.Banking.Data\MicroRabbit.Banking.Data.csproj", "{E461596B-362E-42CD-9C29-FF81A0F87889}"
EndProject
Project("{FAE04EC0-301F-11D3-BF4B-00C04F79EFBC}") = "MicroRabbit.Banking.Domain", "MicroRabbit.Banking.Domain\MicroRabbit.Banking.Domain.csproj", "{C1875A36-B27C-45B2-A815-3C73FDE625C7}"
EndProject
Global
	GlobalSection(SolutionConfigurationPlatforms) = preSolution
		Debug|Any CPU = Debug|Any CPU
		Release|Any CPU = Release|Any CPU
	EndGlobalSection
	GlobalSection(ProjectConfigurationPlatforms) = postSolution
		{A1BC3B57-E71A-4BD9-8ED1-8899CE6A99D7}.Debug|Any CPU.ActiveCfg = Debug|Any CPU
		{A1BC3B57-E71A-4BD9-8ED1-8899CE6A99D7}.Debug|Any CPU.Build.0 = Debug|Any CPU
		{A1BC3B57-E71A-4BD9-8ED1-8899CE6A99D7}.Release|Any CPU.ActiveCfg = Release|Any CPU
		{A1BC3B57-E71A-4BD9-8ED1-8899CE6A99D7}.Release|Any CPU.Build.0 = Release|Any CPU
		{F9AFA93B-F8D7-451A-8CA4-E71F30DAA7DC}.Debug|Any CPU.ActiveCfg = Debug|Any CPU
		{F9AFA93B-F8D7-451A-8CA4-E71F30DAA7DC}.Debug|Any CPU.Build.0 = Debug|Any CPU
		{F9AFA93B-F8D7-451A-8CA4-E71F30DAA7DC}.Release|Any CPU.ActiveCfg = Release|Any CPU
		{F9AFA93B-F8D7-451A-8CA4-E71F30DAA7DC}.Release|Any CPU.Build.0 = Release|Any CPU
		{92948BA7-1CBB-4D93-8DFE-0EFCA1B7B345}.Debug|Any CPU.ActiveCfg = Debug|Any CPU
		{92948BA7-1CBB-4D93-8DFE-0EFCA1B7B345}.Debug|Any CPU.Build.0 = Debug|Any CPU
		{92948BA7-1CBB-4D93-8DFE-0EFCA1B7B345}.Release|Any CPU.ActiveCfg = Release|Any CPU
		{92948BA7-1CBB-4D93-8DFE-0EFCA1B7B345}.Release|Any CPU.Build.0 = Release|Any CPU
		{AB28F96D-322E-467D-9D4A-3F0E0E8738BA}.Debug|Any CPU.ActiveCfg = Debug|Any CPU
		{AB28F96D-322E-467D-9D4A-3F0E0E8738BA}.Debug|Any CPU.Build.0 = Debug|Any CPU
		{AB28F96D-322E-467D-9D4A-3F0E0E8738BA}.Release|Any CPU.ActiveCfg = Release|Any CPU
		{AB28F96D-322E-467D-9D4A-3F0E0E8738BA}.Release|Any CPU.Build.0 = Release|Any CPU
		{1D77C94F-6549-4DDF-A9F1-09D70B3F28B5}.Debug|Any CPU.ActiveCfg = Debug|Any CPU
		{1D77C94F-6549-4DDF-A9F1-09D70B3F28B5}.Debug|Any CPU.Build.0 = Debug|Any CPU
		{1D77C94F-6549-4DDF-A9F1-09D70B3F28B5}.Release|Any CPU.ActiveCfg = Release|Any CPU
		{1D77C94F-6549-4DDF-A9F1-09D70B3F28B5}.Release|Any CPU.Build.0 = Release|Any CPU
		{E461596B-362E-42CD-9C29-FF81A0F87889}.Debug|Any CPU.ActiveCfg = Debug|Any CPU
		{E461596B-362E-42CD-9C29-FF81A0F87889}.Debug|Any CPU.Build.0 = Debug|Any CPU
		{E461596B-362E-42CD-9C29-FF81A0F87889}.Release|Any CPU.ActiveCfg = Release|Any CPU
		{E461596B-362E-42CD-9C29-FF81A0F87889}.Release|Any CPU.Build.0 = Release|Any CPU
		{C1875A36-B27C-45B2-A815-3C73FDE625C7}.Debug|Any CPU.ActiveCfg = Debug|Any CPU
		{C1875A36-B27C-45B2-A815-3C73FDE625C7}.Debug|Any CPU.Build.0 = Debug|Any CPU
		{C1875A36-B27C-45B2-A815-3C73FDE625C7}.Release|Any CPU.ActiveCfg = Release|Any CPU
		{C1875A36-B27C-45B2-A815-3C73FDE625C7}.Release|Any CPU.Build.0 = Release|Any CPU
	EndGlobalSection
	GlobalSection(SolutionProperties) = preSolution
		HideSolutionNode = FALSE
	EndGlobalSection
	GlobalSection(NestedProjects) = preSolution
		{A1BC3B57-E71A-4BD9-8ED1-8899CE6A99D7} = {4F656565-CA14-4799-922E-2C5A2877F6F6}
		{F9AFA93B-F8D7-451A-8CA4-E71F30DAA7DC} = {2E5FC2DE-76A6-416D-8A41-76A5C023935D}
		{92948BA7-1CBB-4D93-8DFE-0EFCA1B7B345} = {D19D4007-E033-462A-A028-4E69FE180988}
		{ED16C5A9-2C7B-42B3-A12B-7666A5D19FAE} = {513A5E81-14C8-4998-ADA9-D0EC0F1E574D}
		{C9145D36-EB41-4648-A2E4-C102140F84CF} = {ED16C5A9-2C7B-42B3-A12B-7666A5D19FAE}
		{711B5115-5FD3-42A4-9DA0-7111A0340B19} = {ED16C5A9-2C7B-42B3-A12B-7666A5D19FAE}
		{F3936E3A-96CB-4FB4-ACCC-099E4FFA11EC} = {ED16C5A9-2C7B-42B3-A12B-7666A5D19FAE}
		{D9037593-0AD2-437E-BBB8-954C2B07CB07} = {ED16C5A9-2C7B-42B3-A12B-7666A5D19FAE}
		{AB28F96D-322E-467D-9D4A-3F0E0E8738BA} = {C9145D36-EB41-4648-A2E4-C102140F84CF}
		{1D77C94F-6549-4DDF-A9F1-09D70B3F28B5} = {F3936E3A-96CB-4FB4-ACCC-099E4FFA11EC}
		{E461596B-362E-42CD-9C29-FF81A0F87889} = {D9037593-0AD2-437E-BBB8-954C2B07CB07}
		{C1875A36-B27C-45B2-A815-3C73FDE625C7} = {711B5115-5FD3-42A4-9DA0-7111A0340B19}
	EndGlobalSection
	GlobalSection(ExtensibilityGlobals) = postSolution
		SolutionGuid = {A8A5D203-789B-4A14-BFD5-9B68D6F9F124}
	EndGlobalSection
EndGlobal
